{
    "requires": true,
    "lockfileVersion": 1,
    "dependencies": {
        "primer-alerts": {
            "version": "1.5.13",
            "resolved": "https://registry.npmjs.org/primer-alerts/-/primer-alerts-1.5.13.tgz",
            "integrity": "sha512-RmpYBKhpclKD9doGnH0ehLKZOS25amEkgC3Cwtq8Utxq2BJieeSuVbDcTTPL3ktFA9wez1mxR2vk2CCF3Rl9oQ==",
            "requires": {
                "primer-support": "4.7.2"
            }
        },
        "primer-avatars": {
            "version": "1.5.10",
            "resolved": "https://registry.npmjs.org/primer-avatars/-/primer-avatars-1.5.10.tgz",
            "integrity": "sha512-gn5JO8AHlTvR2z15mDBJsVpMfs3eNoT60fNSF/N+ixFNRCfe4CIgHO8S3R1iCB6MpmkMxsPT38HNkiFUCyKN7w==",
            "requires": {
                "primer-support": "4.7.2"
            }
        },
        "primer-base": {
            "version": "0.4.2",
            "resolved": "https://registry.npmjs.org/primer-base/-/primer-base-0.4.2.tgz",
            "integrity": "sha1-EL6nvdRUxEex7W6AFZXziIsw8B8=",
            "requires": {
                "primer-support": "*"
            }
        },
        "primer-blankslate": {
            "version": "1.5.2",
            "resolved": "https://registry.npmjs.org/primer-blankslate/-/primer-blankslate-1.5.2.tgz",
            "integrity": "sha512-7raUk+G/FSvU3S7TmJchLw7zkepLOh3F523eWRdMwR5N1DAhCm4VqgehXO1kDCbMj5tuBGfZ6FQ2OzFF0LPOIw==",
            "requires": {
                "primer-support": "4.7.2"
            }
        },
        "primer-box": {
            "version": "2.5.13",
            "resolved": "https://registry.npmjs.org/primer-box/-/primer-box-2.5.13.tgz",
            "integrity": "sha512-ZNZ8TFU05gqZx1oSk6DVdjACOOPsdJZqn0qYBcfsEu+AQQiKJ7HVH8pgODlH5tqj8Ihtoz3Q1CxCmrZhVnjnbA==",
            "requires": {
                "primer-support": "4.7.2"
            }
        },
        "primer-branch-name": {
            "version": "1.0.11",
            "resolved": "https://registry.npmjs.org/primer-branch-name/-/primer-branch-name-1.0.11.tgz",
            "integrity": "sha512-zhLcTVn7zXmHkz57KQcgzc8I7mMHdL2R5VfGpIrHHJqxT3t4SDNbW4g+o3Ap85hnU1sxTXvAWGBAgzAHw0zmCA==",
            "requires": {
                "primer-support": "4.7.2"
            }
        },
        "primer-breadcrumb": {
            "version": "1.5.9",
            "resolved": "https://registry.npmjs.org/primer-breadcrumb/-/primer-breadcrumb-1.5.9.tgz",
            "integrity": "sha512-A2+rm3Gi2vk4LYr8yWrNwYNc2i59gcnfAGyT/QJ7G66R0kLD8M3rIPDw2vmRY5LagTvZ8KnY6wRwc5GSSKVBDQ==",
            "requires": {
                "primer-support": "4.7.2"
            }
        },
        "primer-buttons": {
            "version": "2.6.4",
            "resolved": "https://registry.npmjs.org/primer-buttons/-/primer-buttons-2.6.4.tgz",
            "integrity": "sha512-6+wFjXKGk76qZmUrnUTXm8Zo6viiNlcGcSSiW89OeAW2qkHHlTvyMqoKwExg8nGNFbLIGxhvqb9V++nx20Pq1Q==",
            "requires": {
                "primer-support": "4.7.2"
            }
        },
        "primer-cards": {
            "version": "0.1.8",
            "resolved": "https://registry.npmjs.org/primer-cards/-/primer-cards-0.1.8.tgz",
            "integrity": "sha1-JAZXoWtLV5/phNL1aI0Jv+nHCx0=",
            "requires": {
                "primer-marketing-support": "^1.0.2",
                "primer-support": "^4.0.7"
            }
        },
        "primer-core": {
            "version": "5.0.1",
            "resolved": "https://registry.npmjs.org/primer-core/-/primer-core-5.0.1.tgz",
            "integrity": "sha1-TZq/WuR3s7BJr7/lG78YpAA/0Ms=",
            "requires": {
                "primer-base": "^0.4.0",
                "primer-box": "^2.1.7",
                "primer-buttons": "^2.0.5",
                "primer-forms": "^1.0.12",
                "primer-layout": "^1.0.4",
                "primer-navigation": "^1.0.5",
                "primer-support": "^4.0.6",
                "primer-table-object": "^1.0.8",
                "primer-tooltips": "^1.0.1",
                "primer-truncate": "^1.0.1",
                "primer-utilities": "^4.3.4"
            }
        },
        "primer-css": {
            "version": "8.0.0",
            "resolved": "https://registry.npmjs.org/primer-css/-/primer-css-8.0.0.tgz",
            "integrity": "sha1-5XYtq/f62SXzCXi7vFiPO9Rmrl8=",
            "requires": {
                "primer-alerts": "^1.1.7",
                "primer-avatars": "^1.0.1",
                "primer-base": "^0.4.0",
                "primer-blankslate": "^1.0.1",
                "primer-box": "^2.1.7",
                "primer-breadcrumb": "^1.0.1",
                "primer-buttons": "^2.0.5",
                "primer-cards": "^0.1.7",
                "primer-core": "^5.0.1",
                "primer-forms": "^1.0.12",
                "primer-labels": "^1.1.5",
                "primer-layout": "^1.0.4",
                "primer-markdown": "^3.3.12",
                "primer-marketing": "^5.0.1",
                "primer-marketing-support": "^1.0.1",
                "primer-marketing-type": "^1.0.1",
                "primer-marketing-utilities": "^1.0.1",
                "primer-navigation": "^1.0.5",
                "primer-page-headers": "^1.0.1",
                "primer-page-sections": "^1.0.1",
                "primer-product": "^5.0.1",
                "primer-support": "^4.0.6",
                "primer-table-object": "^1.0.8",
                "primer-tables": "^1.0.1",
                "primer-tooltips": "^1.0.1",
                "primer-truncate": "^1.0.1",
                "primer-utilities": "^4.3.4"
            }
        },
        "primer-forms": {
            "version": "1.4.1",
            "resolved": "https://registry.npmjs.org/primer-forms/-/primer-forms-1.4.1.tgz",
            "integrity": "sha512-wr7Ieoyy9iHPtR1zEaWEwPRA3PHo1eaOj3Q4VhYOBRv3rk+H3/Z49hey7PLyocPnvbF1GdG2s5/VkZUdgBEuqg==",
            "requires": {
                "primer-support": "4.4.1"
            },
            "dependencies": {
                "primer-support": {
                    "version": "4.4.1",
                    "resolved": "https://registry.npmjs.org/primer-support/-/primer-support-4.4.1.tgz",
                    "integrity": "sha512-stQEoF4NfWy8JOVASUHxGY+Ot1eBguPH8rWoeLQy16zKzcS16kRccfvGbBXyv0G/aA+DdL8ZmjlXB2ubJ+wBJg=="
                }
            }
        },
        "primer-labels": {
            "version": "1.5.13",
            "resolved": "https://registry.npmjs.org/primer-labels/-/primer-labels-1.5.13.tgz",
            "integrity": "sha512-fy74yluNWsAxl+gXQeCel0Wi0zrFFr6DDXp4HIkghTPLhVed9H/oCNiELWcoAM1NxxmJCUR34GAW1ASL/hqlKA==",
            "requires": {
                "primer-support": "4.7.2"
            }
        },
        "primer-layout": {
            "version": "1.6.2",
            "resolved": "https://registry.npmjs.org/primer-layout/-/primer-layout-1.6.2.tgz",
            "integrity": "sha512-Ov/g9GiAaKhRAXku2wxsTlmJXhQPAjWpCwibJ+Ooxu0X8n6BA52y/ScZUPFdde+vZYhbFGFQwozU8y2bzuw3dg==",
            "requires": {
                "primer-support": "4.7.2"
            }
        },
        "primer-markdown": {
            "version": "3.7.13",
            "resolved": "https://registry.npmjs.org/primer-markdown/-/primer-markdown-3.7.13.tgz",
            "integrity": "sha512-8GficlbmQ8GIFDzsD9JiFdlgAdeZR66sZa1CTBYbu26osM55/8NyTM7cobRId/MT6uutpRu0J8LlQ2sYuNAIng==",
            "requires": {
                "primer-support": "4.7.2"
            }
        },
        "primer-marketing": {
            "version": "5.4.1",
            "resolved": "https://registry.npmjs.org/primer-marketing/-/primer-marketing-5.4.1.tgz",
            "integrity": "sha512-ccadKuKA4kQDTaopHsj+lOujdxa8d14Ff8fq5HLvHlrpgKvdVwuKtIwNL2ryuas1FVeTddxa3lBnlAcuVTwWIQ==",
            "requires": {
                "primer-breadcrumb": "1.4.1",
                "primer-cards": "0.5.1",
                "primer-marketing-support": "1.3.1",
                "primer-marketing-type": "1.4.1",
                "primer-marketing-utilities": "1.4.1",
                "primer-page-headers": "1.4.1",
                "primer-page-sections": "1.4.1",
                "primer-support": "4.4.1",
                "primer-tables": "1.4.1"
            },
            "dependencies": {
                "primer-breadcrumb": {
                    "version": "1.4.1",
                    "resolved": "https://registry.npmjs.org/primer-breadcrumb/-/primer-breadcrumb-1.4.1.tgz",
                    "integrity": "sha512-cmDjIXSXClLQcrWDeJkZJWXkacfCluZU23mfsVM8K0oZyhiHZjbleOdsbwGXMKpFSEJ61wi4zvF9ZMkx1s8EdA==",
                    "requires": {
                        "primer-marketing-support": "1.3.1",
                        "primer-support": "4.4.1"
                    }
                },
                "primer-cards": {
                    "version": "0.5.1",
                    "resolved": "https://registry.npmjs.org/primer-cards/-/primer-cards-0.5.1.tgz",
                    "integrity": "sha512-iXqvCgL311UBoRbC/ioFYSUunFnS8rUGkyALtN3/qAw3LoeyE1vjcooV0f1ja/xOblH0vGa32HjEKo2sBTwQ7g==",
                    "requires": {
                        "primer-marketing-support": "1.3.1",
                        "primer-support": "4.4.1"
                    }
                },
                "primer-marketing-support": {
                    "version": "1.3.1",
                    "resolved": "https://registry.npmjs.org/primer-marketing-support/-/primer-marketing-support-1.3.1.tgz",
                    "integrity": "sha512-GDwQ4TdZNS4p6UbSMxv7j7DlgegEDU43k2QKFJZ9EAtBN/rOKkf9gBa31yEiJQvgG7wZ84CvioObYtw885TL7g=="
                },
                "primer-marketing-type": {
                    "version": "1.4.1",
                    "resolved": "https://registry.npmjs.org/primer-marketing-type/-/primer-marketing-type-1.4.1.tgz",
                    "integrity": "sha512-cJGHvDkCy1bYiM2EDOwc+k7Y61DfvOIWambU5WmsGq7fUI92MRWqpyWZpYVOFEWqItRjLnxPv4myJCm0itKIRQ==",
                    "requires": {
                        "primer-marketing-support": "1.3.1",
                        "primer-support": "4.4.1"
                    }
                },
                "primer-marketing-utilities": {
                    "version": "1.4.1",
                    "resolved": "https://registry.npmjs.org/primer-marketing-utilities/-/primer-marketing-utilities-1.4.1.tgz",
                    "integrity": "sha512-dbic/+lYITBnZKujg6s3GF0Mo3jhuiq1ps0a3negkBsxKsNyU68hoYEl2bN6UI5L2BX9GyzCLd58N1jyjV4uCw==",
                    "requires": {
                        "primer-marketing-support": "1.3.1",
                        "primer-support": "4.4.1"
                    }
                },
                "primer-page-headers": {
                    "version": "1.4.1",
                    "resolved": "https://registry.npmjs.org/primer-page-headers/-/primer-page-headers-1.4.1.tgz",
                    "integrity": "sha512-kmSi4Sys2dqt74sO1b5LcJq/EAnLe9p8t6oAs4PfkwgYXAdJPwHyTfe2+fueHYgqi07AlK3bnr1gw9rFen475Q==",
                    "requires": {
                        "primer-marketing-support": "1.3.1",
                        "primer-support": "4.4.1"
                    }
                },
                "primer-page-sections": {
                    "version": "1.4.1",
                    "resolved": "https://registry.npmjs.org/primer-page-sections/-/primer-page-sections-1.4.1.tgz",
                    "integrity": "sha512-WR5abovsjAKlbZjn4q7+eLCEA3gnwh/tuZDJnZ3l2V5O+IpHYVXI5Boi6QxbQM3mbHOL19NJhQEyfcHXBe7AQw==",
                    "requires": {
                        "primer-marketing-support": "1.3.1",
                        "primer-support": "4.4.1"
                    }
                },
                "primer-support": {
                    "version": "4.4.1",
                    "resolved": "https://registry.npmjs.org/primer-support/-/primer-support-4.4.1.tgz",
                    "integrity": "sha512-stQEoF4NfWy8JOVASUHxGY+Ot1eBguPH8rWoeLQy16zKzcS16kRccfvGbBXyv0G/aA+DdL8ZmjlXB2ubJ+wBJg=="
                },
                "primer-tables": {
                    "version": "1.4.1",
                    "resolved": "https://registry.npmjs.org/primer-tables/-/primer-tables-1.4.1.tgz",
                    "integrity": "sha512-Dk9ttoxIDigcJQ0vhh3VDkOL+/spGdEJacRFvNsysS4IbDOUDilXLZFcUZB2wCbhXFHS/CObk+/3zoW39J/6tg==",
                    "requires": {
                        "primer-marketing-support": "1.3.1",
                        "primer-support": "4.4.1"
                    }
                }
            }
        },
        "primer-marketing-support": {
            "version": "1.5.6",
            "resolved": "https://registry.npmjs.org/primer-marketing-support/-/primer-marketing-support-1.5.6.tgz",
            "integrity": "sha512-YU8ein52s/W+s4a4hHZZJbHURfz2FLI5ItrUxqaqJjcT0O2bALP/JbuCZDrbvWxuOSK4kbF22ANmmMGWFIzp/Q=="
        },
        "primer-marketing-type": {
            "version": "1.4.13",
            "resolved": "https://registry.npmjs.org/primer-marketing-type/-/primer-marketing-type-1.4.13.tgz",
            "integrity": "sha512-ke6l3zgc4mF5ArDzZB1TJ5VHbZG2/uwekVROLQOK4v7XI0MkYZWA9tI+k8UhaFLSsw0vGqxM2ibKUzsQH61C8g==",
            "requires": {
                "primer-marketing-support": "1.5.6",
                "primer-support": "4.7.2"
            }
        },
        "primer-marketing-utilities": {
            "version": "1.7.3",
            "resolved": "https://registry.npmjs.org/primer-marketing-utilities/-/primer-marketing-utilities-1.7.3.tgz",
            "integrity": "sha512-YYDPgyC0G65tPHwZ6ktxfEAqUkJlU2sZjzdcH7thlcg83/UqiZfgmgiiBAxdMjrACY7Q2X9HaHicr5F4rmPhPw==",
            "requires": {
                "primer-marketing-support": "1.5.6",
                "primer-support": "4.7.2"
            }
        },
        "primer-navigation": {
            "version": "1.5.11",
            "resolved": "https://registry.npmjs.org/primer-navigation/-/primer-navigation-1.5.11.tgz",
            "integrity": "sha512-Fykn/zuJX8z8kEIkzxnbwZhbCbYbuQF7Iv+03yzBeesOfN4VaQKgpTtaAXW26NB1BjOo3omrhVivYoejTFXbuw==",
            "requires": {
                "primer-support": "4.7.2"
            }
        },
        "primer-page-headers": {
            "version": "1.5.3",
            "resolved": "https://registry.npmjs.org/primer-page-headers/-/primer-page-headers-1.5.3.tgz",
            "integrity": "sha512-SVgAnr1jz/8qNhr+LsQayHGGICi1pCfBJV2R+zhcooDJC29ddSoTW+LpwvBj1P68c7sJfaMPRmlcq0hUGGG/Pw==",
            "requires": {
                "primer-marketing-support": "1.5.6",
                "primer-support": "4.7.2"
            }
        },
        "primer-page-sections": {
            "version": "1.5.3",
            "resolved": "https://registry.npmjs.org/primer-page-sections/-/primer-page-sections-1.5.3.tgz",
            "integrity": "sha512-xaj6v+v3FvaSMVFDZAYsrObkvOviPwxYZt0rrkMeoyhrMVG2uB3nD3Kmu3st9UbwobdXjMTSKPkKBcarckwhuw==",
            "requires": {
                "primer-marketing-support": "1.5.6",
                "primer-support": "4.7.2"
            }
        },
        "primer-popover": {
            "version": "0.1.8",
            "resolved": "https://registry.npmjs.org/primer-popover/-/primer-popover-0.1.8.tgz",
            "integrity": "sha512-9v07joxBbnoY7bbdyGmuqqmRyVdAwm94Ek0SSuJXFX93UDtWQsgl4/61ko57WOZw2U7A3nMfY4uISIw+VPh2Lg==",
            "requires": {
                "primer-support": "4.7.2"
            }
        },
        "primer-product": {
            "version": "5.8.3",
            "resolved": "https://registry.npmjs.org/primer-product/-/primer-product-5.8.3.tgz",
            "integrity": "sha512-PhB7L0xclE1wwrv+o7TFvKV2LCwPn8znjGSjxgj4wB+X9JIbUEmVL8my6iL/FrLogOfzdk7ykZozDBNSW2OL+A==",
            "requires": {
                "primer-alerts": "1.5.13",
                "primer-avatars": "1.5.10",
                "primer-blankslate": "1.5.2",
                "primer-branch-name": "1.0.11",
                "primer-labels": "1.5.13",
                "primer-markdown": "3.7.13",
                "primer-popover": "0.1.8",
                "primer-progress": "0.1.3",
                "primer-subhead": "1.0.11",
                "primer-support": "4.7.2"
            }
        },
        "primer-progress": {
            "version": "0.1.3",
            "resolved": "https://registry.npmjs.org/primer-progress/-/primer-progress-0.1.3.tgz",
            "integrity": "sha512-F9e3D9P/jP8Y5EuASS0czcB0P62v4AhuTdJZHZTYL1hMP3kpbQaUjMYf4QjekxxJgDY4Rf8X3ewkVlvnvjg5ug==",
            "requires": {
                "primer-support": "4.7.2"
            }
        },
        "primer-subhead": {
            "version": "1.0.11",
            "resolved": "https://registry.npmjs.org/primer-subhead/-/primer-subhead-1.0.11.tgz",
            "integrity": "sha512-YDazpiTs4UMQaWYBRr3HWn5Ac1bRhhZUPxdYzbfQapZWL2XOLqgDF4Xvshmd29v6smmno5/Mel8WNXePXx9JyA==",
            "requires": {
                "primer-support": "4.7.2"
            }
        },
        "primer-support": {
            "version": "4.7.2",
            "resolved": "https://registry.npmjs.org/primer-support/-/primer-support-4.7.2.tgz",
            "integrity": "sha512-WbfjjITtGV6iXQeaVPL+AzHj1Jv9RHJRp7kIu5ebFXwolWmCqTBpA/8VmWmssyeTfv8zR7iuCoT0UoBF+uGHww=="
        },
        "primer-table-object": {
            "version": "1.4.13",
            "resolved": "https://registry.npmjs.org/primer-table-object/-/primer-table-object-1.4.13.tgz",
            "integrity": "sha512-JoU/T1aubSg3cvEXh5K95X63W5bJLFlvDflVWMc8QJKiHBPmICH7yccsGI+ybhEUnd7MUD+BEXKgQwM+Iinv5g==",
            "requires": {
                "primer-support": "4.7.2"
            }
        },
        "primer-tables": {
            "version": "1.5.3",
            "resolved": "https://registry.npmjs.org/primer-tables/-/primer-tables-1.5.3.tgz",
            "integrity": "sha512-ZTBG2qQvE9qKI8N7sdN39F8y5sckDRSFR4JkTVQqujrXwoK7kGeqdNXirKFSuzSyW9MnBt02tOTQ65xC0xl3sg==",
            "requires": {
                "primer-marketing-support": "1.5.6",
                "primer-support": "4.7.2"
            }
        },
        "primer-tooltips": {
            "version": "1.5.11",
            "resolved": "https://registry.npmjs.org/primer-tooltips/-/primer-tooltips-1.5.11.tgz",
            "integrity": "sha512-r0C4gnzg8hChoKVU5hC+e7BlKM3gkO+W8L1o91RCDiguN9S0u/yo3DQwlVL68igvAP34NEYzchsZ82BkQkd1Dg==",
            "requires": {
                "primer-support": "4.7.2"
            }
        },
        "primer-truncate": {
            "version": "1.4.13",
            "resolved": "https://registry.npmjs.org/primer-truncate/-/primer-truncate-1.4.13.tgz",
            "integrity": "sha512-/3saQDL8n77nGJ7zMT05PKTKeMTFrR2QVjZsD5XnOblMiglND95ozOKef0sDcyrgR7fv+qLMXr56+QS/FWFSsw==",
            "requires": {
                "primer-support": "4.7.2"
            }
        },
        "primer-utilities": {
            "version": "4.14.4",
            "resolved": "https://registry.npmjs.org/primer-utilities/-/primer-utilities-4.14.4.tgz",
            "integrity": "sha512-EEZxsp/bjY4jkTqDeVJfWI/df55icDhFDGylX59VeiSVudIgUUe5G1VqtgGJIXgqnkiLf5u+iaOSayFvxqhTrg==",
            "requires": {
                "primer-support": "4.7.2"
            }
        }
    }
}
